
Microsoft Visual Studio Solution File, Format Version 12.00
# Visual Studio Version 17
VisualStudioVersion = 17.9.34723.18
MinimumVisualStudioVersion = 10.0.40219.1
Project("{FAE04EC0-301F-11D3-BF4B-00C04F79EFBC}") = "Network Task", "Network Task\Network Task.csproj", "{4A07BE30-2F33-4D52-854A-3CAC187DE15C}"
EndProject
Project("{FAE04EC0-301F-11D3-BF4B-00C04F79EFBC}") = "Client", "Client\Client.csproj", "{22ECBC39-5308-49EF-B138-C482E6C8E873}"
EndProject
Global
	GlobalSection(SolutionConfigurationPlatforms) = preSolution
		Debug|Any CPU = Debug|Any CPU
		Release|Any CPU = Release|Any CPU
	EndGlobalSection
	GlobalSection(ProjectConfigurationPlatforms) = postSolution
		{4A07BE30-2F33-4D52-854A-3CAC187DE15C}.Debug|Any CPU.ActiveCfg = Debug|Any CPU
		{4A07BE30-2F33-4D52-854A-3CAC187DE15C}.Debug|Any CPU.Build.0 = Debug|Any CPU
		{4A07BE30-2F33-4D52-854A-3CAC187DE15C}.Release|Any CPU.ActiveCfg = Release|Any CPU
		{4A07BE30-2F33-4D52-854A-3CAC187DE15C}.Release|Any CPU.Build.0 = Release|Any CPU
		{22ECBC39-5308-49EF-B138-C482E6C8E873}.Debug|Any CPU.ActiveCfg = Debug|Any CPU
		{22ECBC39-5308-49EF-B138-C482E6C8E873}.Debug|Any CPU.Build.0 = Debug|Any CPU
		{22ECBC39-5308-49EF-B138-C482E6C8E873}.Release|Any CPU.ActiveCfg = Release|Any CPU
		{22ECBC39-5308-49EF-B138-C482E6C8E873}.Release|Any CPU.Build.0 = Release|Any CPU
	EndGlobalSection
	GlobalSection(SolutionProperties) = preSolution
		HideSolutionNode = FALSE
	EndGlobalSection
	GlobalSection(ExtensibilityGlobals) = postSolution
		SolutionGuid = {BB5B5732-8970-4295-A898-14BDB78B1F19}
	EndGlobalSection
EndGlobal
